// !$*UTF8*$!
{
	archiveVersion = 1;
	classes = {
	};
	objectVersion = 50;
	objects = {

/* Begin PBXBuildFile section */
		275518EF26C725440025CE6E /* LearningApp.swift in Sources */ = {isa = PBXBuildFile; fileRef = 275518EE26C725440025CE6E /* LearningApp.swift */; };
		275518F126C725440025CE6E /* HomeView.swift in Sources */ = {isa = PBXBuildFile; fileRef = 275518F026C725440025CE6E /* HomeView.swift */; };
		275518F326C725450025CE6E /* Assets.xcassets in Resources */ = {isa = PBXBuildFile; fileRef = 275518F226C725450025CE6E /* Assets.xcassets */; };
		275518F626C725450025CE6E /* Preview Assets.xcassets in Resources */ = {isa = PBXBuildFile; fileRef = 275518F526C725450025CE6E /* Preview Assets.xcassets */; };
		2755190326C726100025CE6E /* ContentModal.swift in Sources */ = {isa = PBXBuildFile; fileRef = 2755190226C726100025CE6E /* ContentModal.swift */; };
		2755190626C7282F0025CE6E /* data.json in Resources */ = {isa = PBXBuildFile; fileRef = 2755190426C7282F0025CE6E /* data.json */; };
		2755190726C7282F0025CE6E /* style.html in Resources */ = {isa = PBXBuildFile; fileRef = 2755190526C7282F0025CE6E /* style.html */; };
		2755190926C72CCC0025CE6E /* Module.swift in Sources */ = {isa = PBXBuildFile; fileRef = 2755190826C72CCC0025CE6E /* Module.swift */; };
		2755190B26C72D2C0025CE6E /* Content.swift in Sources */ = {isa = PBXBuildFile; fileRef = 2755190A26C72D2C0025CE6E /* Content.swift */; };
		2755190D26C72DD00025CE6E /* Lesson.swift in Sources */ = {isa = PBXBuildFile; fileRef = 2755190C26C72DD00025CE6E /* Lesson.swift */; };
		2755191126C72EC90025CE6E /* Test.swift in Sources */ = {isa = PBXBuildFile; fileRef = 2755191026C72EC90025CE6E /* Test.swift */; };
		2755191326C72F640025CE6E /* Question.swift in Sources */ = {isa = PBXBuildFile; fileRef = 2755191226C72F640025CE6E /* Question.swift */; };
		2755191726C744870025CE6E /* HomeViewRow.swift in Sources */ = {isa = PBXBuildFile; fileRef = 2755191626C744870025CE6E /* HomeViewRow.swift */; };
		2755191D26C74C740025CE6E /* ContentView.swift in Sources */ = {isa = PBXBuildFile; fileRef = 2755191C26C74C740025CE6E /* ContentView.swift */; };
		2755191F26C75F750025CE6E /* ContentViewRow.swift in Sources */ = {isa = PBXBuildFile; fileRef = 2755191E26C75F750025CE6E /* ContentViewRow.swift */; };
/* End PBXBuildFile section */

/* Begin PBXFileReference section */
		275518EB26C725440025CE6E /* LearningApp.app */ = {isa = PBXFileReference; explicitFileType = wrapper.application; includeInIndex = 0; path = LearningApp.app; sourceTree = BUILT_PRODUCTS_DIR; };
		275518EE26C725440025CE6E /* LearningApp.swift */ = {isa = PBXFileReference; lastKnownFileType = sourcecode.swift; path = LearningApp.swift; sourceTree = "<group>"; };
		275518F026C725440025CE6E /* HomeView.swift */ = {isa = PBXFileReference; lastKnownFileType = sourcecode.swift; path = HomeView.swift; sourceTree = "<group>"; };
		275518F226C725450025CE6E /* Assets.xcassets */ = {isa = PBXFileReference; lastKnownFileType = folder.assetcatalog; path = Assets.xcassets; sourceTree = "<group>"; };
		275518F526C725450025CE6E /* Preview Assets.xcassets */ = {isa = PBXFileReference; lastKnownFileType = folder.assetcatalog; path = "Preview Assets.xcassets"; sourceTree = "<group>"; };
		275518F726C725450025CE6E /* Info.plist */ = {isa = PBXFileReference; lastKnownFileType = text.plist.xml; path = Info.plist; sourceTree = "<group>"; };
		2755190226C726100025CE6E /* ContentModal.swift */ = {isa = PBXFileReference; lastKnownFileType = sourcecode.swift; path = ContentModal.swift; sourceTree = "<group>"; };
		2755190426C7282F0025CE6E /* data.json */ = {isa = PBXFileReference; fileEncoding = 4; lastKnownFileType = text.json; path = data.json; sourceTree = "<group>"; };
		2755190526C7282F0025CE6E /* style.html */ = {isa = PBXFileReference; fileEncoding = 4; lastKnownFileType = text.html; path = style.html; sourceTree = "<group>"; };
		2755190826C72CCC0025CE6E /* Module.swift */ = {isa = PBXFileReference; lastKnownFileType = sourcecode.swift; path = Module.swift; sourceTree = "<group>"; };
		2755190A26C72D2C0025CE6E /* Content.swift */ = {isa = PBXFileReference; lastKnownFileType = sourcecode.swift; path = Content.swift; sourceTree = "<group>"; };
		2755190C26C72DD00025CE6E /* Lesson.swift */ = {isa = PBXFileReference; lastKnownFileType = sourcecode.swift; path = Lesson.swift; sourceTree = "<group>"; };
		2755191026C72EC90025CE6E /* Test.swift */ = {isa = PBXFileReference; lastKnownFileType = sourcecode.swift; path = Test.swift; sourceTree = "<group>"; };
		2755191226C72F640025CE6E /* Question.swift */ = {isa = PBXFileReference; lastKnownFileType = sourcecode.swift; path = Question.swift; sourceTree = "<group>"; };
		2755191626C744870025CE6E /* HomeViewRow.swift */ = {isa = PBXFileReference; lastKnownFileType = sourcecode.swift; path = HomeViewRow.swift; sourceTree = "<group>"; };
		2755191C26C74C740025CE6E /* ContentView.swift */ = {isa = PBXFileReference; lastKnownFileType = sourcecode.swift; path = ContentView.swift; sourceTree = "<group>"; };
		2755191E26C75F750025CE6E /* ContentViewRow.swift */ = {isa = PBXFileReference; lastKnownFileType = sourcecode.swift; path = ContentViewRow.swift; sourceTree = "<group>"; };
/* End PBXFileReference section */

/* Begin PBXFrameworksBuildPhase section */
		275518E826C725440025CE6E /* Frameworks */ = {
			isa = PBXFrameworksBuildPhase;
			buildActionMask = 2147483647;
			files = (
			);
			runOnlyForDeploymentPostprocessing = 0;
		};
/* End PBXFrameworksBuildPhase section */

/* Begin PBXGroup section */
		275518E226C725440025CE6E = {
			isa = PBXGroup;
			children = (
				275518ED26C725440025CE6E /* LearningApp */,
				275518EC26C725440025CE6E /* Products */,
			);
			sourceTree = "<group>";
		};
		275518EC26C725440025CE6E /* Products */ = {
			isa = PBXGroup;
			children = (
				275518EB26C725440025CE6E /* LearningApp.app */,
			);
			name = Products;
			sourceTree = "<group>";
		};
		275518ED26C725440025CE6E /* LearningApp */ = {
			isa = PBXGroup;
			children = (
				275518EE26C725440025CE6E /* LearningApp.swift */,
				275518FD26C725A10025CE6E /* Views */,
				275518FE26C725A90025CE6E /* ViewModels */,
				275518FF26C725B50025CE6E /* Models */,
				2755190126C725CC0025CE6E /* Resources */,
				2755190026C725BD0025CE6E /* Helpers */,
				275518F226C725450025CE6E /* Assets.xcassets */,
				275518F726C725450025CE6E /* Info.plist */,
				275518F426C725450025CE6E /* Preview Content */,
			);
			path = LearningApp;
			sourceTree = "<group>";
		};
		275518F426C725450025CE6E /* Preview Content */ = {
			isa = PBXGroup;
			children = (
				275518F526C725450025CE6E /* Preview Assets.xcassets */,
			);
			path = "Preview Content";
			sourceTree = "<group>";
		};
		275518FD26C725A10025CE6E /* Views */ = {
			isa = PBXGroup;
			children = (
				2755191A26C74B830025CE6E /* HomeViews */,
				2755191B26C74BA00025CE6E /* LeesonViews */,
			);
			path = Views;
			sourceTree = "<group>";
		};
		275518FE26C725A90025CE6E /* ViewModels */ = {
			isa = PBXGroup;
			children = (
				2755190226C726100025CE6E /* ContentModal.swift */,
			);
			path = ViewModels;
			sourceTree = "<group>";
		};
		275518FF26C725B50025CE6E /* Models */ = {
			isa = PBXGroup;
			children = (
				2755190826C72CCC0025CE6E /* Module.swift */,
				2755190E26C72E800025CE6E /* Lesson */,
				2755190F26C72E9C0025CE6E /* Test */,
			);
			path = Models;
			sourceTree = "<group>";
		};
		2755190026C725BD0025CE6E /* Helpers */ = {
			isa = PBXGroup;
			children = (
			);
			path = Helpers;
			sourceTree = "<group>";
		};
		2755190126C725CC0025CE6E /* Resources */ = {
			isa = PBXGroup;
			children = (
				2755190426C7282F0025CE6E /* data.json */,
				2755190526C7282F0025CE6E /* style.html */,
			);
			path = Resources;
			sourceTree = "<group>";
		};
		2755190E26C72E800025CE6E /* Lesson */ = {
			isa = PBXGroup;
			children = (
				2755190A26C72D2C0025CE6E /* Content.swift */,
				2755190C26C72DD00025CE6E /* Lesson.swift */,
			);
			path = Lesson;
			sourceTree = "<group>";
		};
		2755190F26C72E9C0025CE6E /* Test */ = {
			isa = PBXGroup;
			children = (
				2755191026C72EC90025CE6E /* Test.swift */,
				2755191226C72F640025CE6E /* Question.swift */,
			);
			path = Test;
			sourceTree = "<group>";
		};
		2755191A26C74B830025CE6E /* HomeViews */ = {
			isa = PBXGroup;
			children = (
				275518F026C725440025CE6E /* HomeView.swift */,
				2755191626C744870025CE6E /* HomeViewRow.swift */,
			);
			path = HomeViews;
			sourceTree = "<group>";
		};
		2755191B26C74BA00025CE6E /* LeesonViews */ = {
			isa = PBXGroup;
			children = (
				2755191C26C74C740025CE6E /* ContentView.swift */,
				2755191E26C75F750025CE6E /* ContentViewRow.swift */,
			);
			path = LeesonViews;
			sourceTree = "<group>";
		};
/* End PBXGroup section */

/* Begin PBXNativeTarget section */
		275518EA26C725440025CE6E /* LearningApp */ = {
			isa = PBXNativeTarget;
			buildConfigurationList = 275518FA26C725450025CE6E /* Build configuration list for PBXNativeTarget "LearningApp" */;
			buildPhases = (
				275518E726C725440025CE6E /* Sources */,
				275518E826C725440025CE6E /* Frameworks */,
				275518E926C725440025CE6E /* Resources */,
			);
			buildRules = (
			);
			dependencies = (
			);
			name = LearningApp;
			productName = LearningApp;
			productReference = 275518EB26C725440025CE6E /* LearningApp.app */;
			productType = "com.apple.product-type.application";
		};
/* End PBXNativeTarget section */

/* Begin PBXProject section */
		275518E326C725440025CE6E /* Project object */ = {
			isa = PBXProject;
			attributes = {
				LastSwiftUpdateCheck = 1250;
				LastUpgradeCheck = 1250;
				TargetAttributes = {
					275518EA26C725440025CE6E = {
						CreatedOnToolsVersion = 12.5.1;
					};
				};
			};
			buildConfigurationList = 275518E626C725440025CE6E /* Build configuration list for PBXProject "LearningApp" */;
			compatibilityVersion = "Xcode 9.3";
			developmentRegion = en;
			hasScannedForEncodings = 0;
			knownRegions = (
				en,
				Base,
			);
			mainGroup = 275518E226C725440025CE6E;
			productRefGroup = 275518EC26C725440025CE6E /* Products */;
			projectDirPath = "";
			projectRoot = "";
			targets = (
				275518EA26C725440025CE6E /* LearningApp */,
			);
		};
/* End PBXProject section */

/* Begin PBXResourcesBuildPhase section */
		275518E926C725440025CE6E /* Resources */ = {
			isa = PBXResourcesBuildPhase;
			buildActionMask = 2147483647;
			files = (
				275518F626C725450025CE6E /* Preview Assets.xcassets in Resources */,
				2755190626C7282F0025CE6E /* data.json in Resources */,
				2755190726C7282F0025CE6E /* style.html in Resources */,
				275518F326C725450025CE6E /* Assets.xcassets in Resources */,
			);
			runOnlyForDeploymentPostprocessing = 0;
		};
/* End PBXResourcesBuildPhase section */

/* Begin PBXSourcesBuildPhase section */
		275518E726C725440025CE6E /* Sources */ = {
			isa = PBXSourcesBuildPhase;
			buildActionMask = 2147483647;
			files = (
				2755191F26C75F750025CE6E /* ContentViewRow.swift in Sources */,
				275518F126C725440025CE6E /* HomeView.swift in Sources */,
				2755191326C72F640025CE6E /* Question.swift in Sources */,
				2755190926C72CCC0025CE6E /* Module.swift in Sources */,
				275518EF26C725440025CE6E /* LearningApp.swift in Sources */,
				2755191726C744870025CE6E /* HomeViewRow.swift in Sources */,
				2755191126C72EC90025CE6E /* Test.swift in Sources */,
				2755191D26C74C740025CE6E /* ContentView.swift in Sources */,
				2755190D26C72DD00025CE6E /* Lesson.swift in Sources */,
				2755190B26C72D2C0025CE6E /* Content.swift in Sources */,
				2755190326C726100025CE6E /* ContentModal.swift in Sources */,
			);
			runOnlyForDeploymentPostprocessing = 0;
		};
/* End PBXSourcesBuildPhase section */

/* Begin XCBuildConfiguration section */
		275518F826C725450025CE6E /* Debug */ = {
			isa = XCBuildConfiguration;
			buildSettings = {
				ALWAYS_SEARCH_USER_PATHS = NO;
				CLANG_ANALYZER_NONNULL = YES;
				CLANG_ANALYZER_NUMBER_OBJECT_CONVERSION = YES_AGGRESSIVE;
				CLANG_CXX_LANGUAGE_STANDARD = "gnu++14";
				CLANG_CXX_LIBRARY = "libc++";
				CLANG_ENABLE_MODULES = YES;
				CLANG_ENABLE_OBJC_ARC = YES;
				CLANG_ENABLE_OBJC_WEAK = YES;
				CLANG_WARN_BLOCK_CAPTURE_AUTORELEASING = YES;
				CLANG_WARN_BOOL_CONVERSION = YES;
				CLANG_WARN_COMMA = YES;
				CLANG_WARN_CONSTANT_CONVERSION = YES;
				CLANG_WARN_DEPRECATED_OBJC_IMPLEMENTATIONS = YES;
				CLANG_WARN_DIRECT_OBJC_ISA_USAGE = YES_ERROR;
				CLANG_WARN_DOCUMENTATION_COMMENTS = YES;
				CLANG_WARN_EMPTY_BODY = YES;
				CLANG_WARN_ENUM_CONVERSION = YES;
				CLANG_WARN_INFINITE_RECURSION = YES;
				CLANG_WARN_INT_CONVERSION = YES;
				CLANG_WARN_NON_LITERAL_NULL_CONVERSION = YES;
				CLANG_WARN_OBJC_IMPLICIT_RETAIN_SELF = YES;
				CLANG_WARN_OBJC_LITERAL_CONVERSION = YES;
				CLANG_WARN_OBJC_ROOT_CLASS = YES_ERROR;
				CLANG_WARN_QUOTED_INCLUDE_IN_FRAMEWORK_HEADER = YES;
				CLANG_WARN_RANGE_LOOP_ANALYSIS = YES;
				CLANG_WARN_STRICT_PROTOTYPES = YES;
				CLANG_WARN_SUSPICIOUS_MOVE = YES;
				CLANG_WARN_UNGUARDED_AVAILABILITY = YES_AGGRESSIVE;
				CLANG_WARN_UNREACHABLE_CODE = YES;
				CLANG_WARN__DUPLICATE_METHOD_MATCH = YES;
				COPY_PHASE_STRIP = NO;
				DEBUG_INFORMATION_FORMAT = dwarf;
				ENABLE_STRICT_OBJC_MSGSEND = YES;
				ENABLE_TESTABILITY = YES;
				GCC_C_LANGUAGE_STANDARD = gnu11;
				GCC_DYNAMIC_NO_PIC = NO;
				GCC_NO_COMMON_BLOCKS = YES;
				GCC_OPTIMIZATION_LEVEL = 0;
				GCC_PREPROCESSOR_DEFINITIONS = (
					"DEBUG=1",
					"$(inherited)",
				);
				GCC_WARN_64_TO_32_BIT_CONVERSION = YES;
				GCC_WARN_ABOUT_RETURN_TYPE = YES_ERROR;
				GCC_WARN_UNDECLARED_SELECTOR = YES;
				GCC_WARN_UNINITIALIZED_AUTOS = YES_AGGRESSIVE;
				GCC_WARN_UNUSED_FUNCTION = YES;
				GCC_WARN_UNUSED_VARIABLE = YES;
				IPHONEOS_DEPLOYMENT_TARGET = 14.5;
				MTL_ENABLE_DEBUG_INFO = INCLUDE_SOURCE;
				MTL_FAST_MATH = YES;
				ONLY_ACTIVE_ARCH = YES;
				SDKROOT = iphoneos;
				SWIFT_ACTIVE_COMPILATION_CONDITIONS = DEBUG;
				SWIFT_OPTIMIZATION_LEVEL = "-Onone";
			};
			name = Debug;
		};
		275518F926C725450025CE6E /* Release */ = {
			isa = XCBuildConfiguration;
			buildSettings = {
				ALWAYS_SEARCH_USER_PATHS = NO;
				CLANG_ANALYZER_NONNULL = YES;
				CLANG_ANALYZER_NUMBER_OBJECT_CONVERSION = YES_AGGRESSIVE;
				CLANG_CXX_LANGUAGE_STANDARD = "gnu++14";
				CLANG_CXX_LIBRARY = "libc++";
				CLANG_ENABLE_MODULES = YES;
				CLANG_ENABLE_OBJC_ARC = YES;
				CLANG_ENABLE_OBJC_WEAK = YES;
				CLANG_WARN_BLOCK_CAPTURE_AUTORELEASING = YES;
				CLANG_WARN_BOOL_CONVERSION = YES;
				CLANG_WARN_COMMA = YES;
				CLANG_WARN_CONSTANT_CONVERSION = YES;
				CLANG_WARN_DEPRECATED_OBJC_IMPLEMENTATIONS = YES;
				CLANG_WARN_DIRECT_OBJC_ISA_USAGE = YES_ERROR;
				CLANG_WARN_DOCUMENTATION_COMMENTS = YES;
				CLANG_WARN_EMPTY_BODY = YES;
				CLANG_WARN_ENUM_CONVERSION = YES;
				CLANG_WARN_INFINITE_RECURSION = YES;
				CLANG_WARN_INT_CONVERSION = YES;
				CLANG_WARN_NON_LITERAL_NULL_CONVERSION = YES;
				CLANG_WARN_OBJC_IMPLICIT_RETAIN_SELF = YES;
				CLANG_WARN_OBJC_LITERAL_CONVERSION = YES;
				CLANG_WARN_OBJC_ROOT_CLASS = YES_ERROR;
				CLANG_WARN_QUOTED_INCLUDE_IN_FRAMEWORK_HEADER = YES;
				CLANG_WARN_RANGE_LOOP_ANALYSIS = YES;
				CLANG_WARN_STRICT_PROTOTYPES = YES;
				CLANG_WARN_SUSPICIOUS_MOVE = YES;
				CLANG_WARN_UNGUARDED_AVAILABILITY = YES_AGGRESSIVE;
				CLANG_WARN_UNREACHABLE_CODE = YES;
				CLANG_WARN__DUPLICATE_METHOD_MATCH = YES;
				COPY_PHASE_STRIP = NO;
				DEBUG_INFORMATION_FORMAT = "dwarf-with-dsym";
				ENABLE_NS_ASSERTIONS = NO;
				ENABLE_STRICT_OBJC_MSGSEND = YES;
				GCC_C_LANGUAGE_STANDARD = gnu11;
				GCC_NO_COMMON_BLOCKS = YES;
				GCC_WARN_64_TO_32_BIT_CONVERSION = YES;
				GCC_WARN_ABOUT_RETURN_TYPE = YES_ERROR;
				GCC_WARN_UNDECLARED_SELECTOR = YES;
				GCC_WARN_UNINITIALIZED_AUTOS = YES_AGGRESSIVE;
				GCC_WARN_UNUSED_FUNCTION = YES;
				GCC_WARN_UNUSED_VARIABLE = YES;
				IPHONEOS_DEPLOYMENT_TARGET = 14.5;
				MTL_ENABLE_DEBUG_INFO = NO;
				MTL_FAST_MATH = YES;
				SDKROOT = iphoneos;
				SWIFT_COMPILATION_MODE = wholemodule;
				SWIFT_OPTIMIZATION_LEVEL = "-O";
				VALIDATE_PRODUCT = YES;
			};
			name = Release;
		};
		275518FB26C725450025CE6E /* Debug */ = {
			isa = XCBuildConfiguration;
			buildSettings = {
				ASSETCATALOG_COMPILER_APPICON_NAME = AppIcon;
				ASSETCATALOG_COMPILER_GLOBAL_ACCENT_COLOR_NAME = AccentColor;
				CODE_SIGN_STYLE = Automatic;
				DEVELOPMENT_ASSET_PATHS = "\"LearningApp/Preview Content\"";
				DEVELOPMENT_TEAM = 4ZN2P6783G;
				ENABLE_PREVIEWS = YES;
				INFOPLIST_FILE = LearningApp/Info.plist;
				IPHONEOS_DEPLOYMENT_TARGET = 14.0;
				LD_RUNPATH_SEARCH_PATHS = (
					"$(inherited)",
					"@executable_path/Frameworks",
				);
				PRODUCT_BUNDLE_IDENTIFIER = tzortziskap.com.LearningApp;
				PRODUCT_NAME = "$(TARGET_NAME)";
				SWIFT_VERSION = 5.0;
				TARGETED_DEVICE_FAMILY = "1,2";
			};
			name = Debug;
		};
		275518FC26C725450025CE6E /* Release */ = {
			isa = XCBuildConfiguration;
			buildSettings = {
				ASSETCATALOG_COMPILER_APPICON_NAME = AppIcon;
				ASSETCATALOG_COMPILER_GLOBAL_ACCENT_COLOR_NAME = AccentColor;
				CODE_SIGN_STYLE = Automatic;
				DEVELOPMENT_ASSET_PATHS = "\"LearningApp/Preview Content\"";
				DEVELOPMENT_TEAM = 4ZN2P6783G;
				ENABLE_PREVIEWS = YES;
				INFOPLIST_FILE = LearningApp/Info.plist;
				IPHONEOS_DEPLOYMENT_TARGET = 14.0;
				LD_RUNPATH_SEARCH_PATHS = (
					"$(inherited)",
					"@executable_path/Frameworks",
				);
				PRODUCT_BUNDLE_IDENTIFIER = tzortziskap.com.LearningApp;
				PRODUCT_NAME = "$(TARGET_NAME)";
				SWIFT_VERSION = 5.0;
				TARGETED_DEVICE_FAMILY = "1,2";
			};
			name = Release;
		};
/* End XCBuildConfiguration section */

/* Begin XCConfigurationList section */
		275518E626C725440025CE6E /* Build configuration list for PBXProject "LearningApp" */ = {
			isa = XCConfigurationList;
			buildConfigurations = (
				275518F826C725450025CE6E /* Debug */,
				275518F926C725450025CE6E /* Release */,
			);
			defaultConfigurationIsVisible = 0;
			defaultConfigurationName = Release;
		};
		275518FA26C725450025CE6E /* Build configuration list for PBXNativeTarget "LearningApp" */ = {
			isa = XCConfigurationList;
			buildConfigurations = (
				275518FB26C725450025CE6E /* Debug */,
				275518FC26C725450025CE6E /* Release */,
			);
			defaultConfigurationIsVisible = 0;
			defaultConfigurationName = Release;
		};
/* End XCConfigurationList section */
	};
	rootObject = 275518E326C725440025CE6E /* Project object */;
}
